# This file is generated by running "yarn install" inside your project.
# Manual changes might be lost - proceed with caution!

__metadata:
  version: 8
  cacheKey: 10c0

"@gerrit0/mini-shiki@npm:^3.17.0":
  version: 3.22.0
  resolution: "@gerrit0/mini-shiki@npm:3.22.0"
  dependencies:
    "@shikijs/engine-oniguruma": "npm:^3.22.0"
    "@shikijs/langs": "npm:^3.22.0"
    "@shikijs/themes": "npm:^3.22.0"
    "@shikijs/types": "npm:^3.22.0"
    "@shikijs/vscode-textmate": "npm:^10.0.2"
  checksum: 10c0/fb9627423f10a094702c512ded1babac134d5c44b5d4663477dfbbbb6046a90878f1c3591bca6eaab98e02a722a10c01e4b446b2d9d45b0ca280bf7be521c889
  languageName: node
  linkType: hard

"@ingameltd/node-przelewy24@workspace:.":
  version: 0.0.0-use.local
  resolution: "@ingameltd/node-przelewy24@workspace:."
  dependencies:
    "@types/node": "npm:^18"
    "@types/qs": "npm:^6.14.0"
    axios: "npm:^0.21.1"
    typedoc: "npm:^0.28.16"
    typescript: "npm:^5.9.3"
  languageName: unknown
  linkType: soft

"@shikijs/engine-oniguruma@npm:^3.22.0":
  version: 3.22.0
  resolution: "@shikijs/engine-oniguruma@npm:3.22.0"
  dependencies:
    "@shikijs/types": "npm:3.22.0"
    "@shikijs/vscode-textmate": "npm:^10.0.2"
  checksum: 10c0/21007cc1f2c714f37a53e163e1d604e6696d310f9e252970a828fe5450e4daa9f1f369b7ceffd1cb9cde348d9ca17e8a4d14180749ac052c74d104cab86834ea
  languageName: node
  linkType: hard

"@shikijs/langs@npm:^3.22.0":
  version: 3.22.0
  resolution: "@shikijs/langs@npm:3.22.0"
  dependencies:
    "@shikijs/types": "npm:3.22.0"
  checksum: 10c0/68bb7b10a4b8d78540d0518b80b4c57e42ac232e84a5f74a91d6335de80af730008cf269b4c3da46a2fd3c4a59cd427ab1e6f5934c884335f9f648f8c0c0a912
  languageName: node
  linkType: hard

"@shikijs/themes@npm:^3.22.0":
  version: 3.22.0
  resolution: "@shikijs/themes@npm:3.22.0"
  dependencies:
    "@shikijs/types": "npm:3.22.0"
  checksum: 10c0/f662648e346e0133d84dee058f24db6434eb7e511ffe8e34e9632f1168d46b219fbddcca245166f98200b13549fc3256baf8d2a0df7c23e856c9933c0bd444f9
  languageName: node
  linkType: hard

"@shikijs/types@npm:3.22.0, @shikijs/types@npm:^3.22.0":
  version: 3.22.0
  resolution: "@shikijs/types@npm:3.22.0"
  dependencies:
    "@shikijs/vscode-textmate": "npm:^10.0.2"
    "@types/hast": "npm:^3.0.4"
  checksum: 10c0/68e5bb1827609fc026cba5a88442f41dd948f68fc4f23de0912ef2498944116471b543a5f40ab4ff2c2056399873c755fe717185fd4f8c928002fba934bd3a7b
  languageName: node
  linkType: hard

"@shikijs/vscode-textmate@npm:^10.0.2":
  version: 10.0.2
  resolution: "@shikijs/vscode-textmate@npm:10.0.2"
  checksum: 10c0/36b682d691088ec244de292dc8f91b808f95c89466af421cf84cbab92230f03c8348649c14b3251991b10ce632b0c715e416e992dd5f28ff3221dc2693fd9462
  languageName: node
  linkType: hard

"@types/hast@npm:^3.0.4":
  version: 3.0.4
  resolution: "@types/hast@npm:3.0.4"
  dependencies:
    "@types/unist": "npm:*"
  checksum: 10c0/3249781a511b38f1d330fd1e3344eed3c4e7ea8eff82e835d35da78e637480d36fad37a78be5a7aed8465d237ad0446abc1150859d0fde395354ea634decf9f7
  languageName: node
  linkType: hard

"@types/node@npm:^18":
  version: 18.19.130
  resolution: "@types/node@npm:18.19.130"
  dependencies:
    undici-types: "npm:~5.26.4"
  checksum: 10c0/22ba2bc9f8863101a7e90a56aaeba1eb3ebdc51e847cef4a6d188967ab1acbce9b4f92251372fd0329ecb924bbf610509e122c3dfe346c04dbad04013d4ad7d0
  languageName: node
  linkType: hard

"@types/qs@npm:^6.14.0":
  version: 6.14.0
  resolution: "@types/qs@npm:6.14.0"
  checksum: 10c0/5b3036df6e507483869cdb3858201b2e0b64b4793dc4974f188caa5b5732f2333ab9db45c08157975054d3b070788b35088b4bc60257ae263885016ee2131310
  languageName: node
  linkType: hard

"@types/unist@npm:*":
  version: 3.0.3
  resolution: "@types/unist@npm:3.0.3"
  checksum: 10c0/2b1e4adcab78388e088fcc3c0ae8700f76619dbcb4741d7d201f87e2cb346bfc29a89003cfea2d76c996e1061452e14fcd737e8b25aacf949c1f2d6b2bc3dd60
  languageName: node
  linkType: hard

"argparse@npm:^2.0.1":
  version: 2.0.1
  resolution: "argparse@npm:2.0.1"
  checksum: 10c0/c5640c2d89045371c7cedd6a70212a04e360fd34d6edeae32f6952c63949e3525ea77dbec0289d8213a99bbaeab5abfa860b5c12cf88a2e6cf8106e90dd27a7e
  languageName: node
  linkType: hard

"axios@npm:^0.21.1":
  version: 0.21.4
  resolution: "axios@npm:0.21.4"
  dependencies:
    follow-redirects: "npm:^1.14.0"
  checksum: 10c0/fbcff55ec68f71f02d3773d467db2fcecdf04e749826c82c2427a232f9eba63242150a05f15af9ef15818352b814257541155de0281f8fb2b7e8a5b79f7f2142
  languageName: node
  linkType: hard

"balanced-match@npm:^1.0.0":
  version: 1.0.2
  resolution: "balanced-match@npm:1.0.2"
  checksum: 10c0/9308baf0a7e4838a82bbfd11e01b1cb0f0cf2893bc1676c27c2a8c0e70cbae1c59120c3268517a8ae7fb6376b4639ef81ca22582611dbee4ed28df945134aaee
  languageName: node
  linkType: hard

"brace-expansion@npm:^2.0.1":
  version: 2.0.2
  resolution: "brace-expansion@npm:2.0.2"
  dependencies:
    balanced-match: "npm:^1.0.0"
  checksum: 10c0/6d117a4c793488af86b83172deb6af143e94c17bc53b0b3cec259733923b4ca84679d506ac261f4ba3c7ed37c46018e2ff442f9ce453af8643ecd64f4a54e6cf
  languageName: node
  linkType: hard

"entities@npm:^4.4.0":
  version: 4.5.0
  resolution: "entities@npm:4.5.0"
  checksum: 10c0/5b039739f7621f5d1ad996715e53d964035f75ad3b9a4d38c6b3804bb226e282ffeae2443624d8fdd9c47d8e926ae9ac009c54671243f0c3294c26af7cc85250
  languageName: node
  linkType: hard

"follow-redirects@npm:^1.14.0":
  version: 1.15.11
  resolution: "follow-redirects@npm:1.15.11"
  peerDependenciesMeta:
    debug:
      optional: true
  checksum: 10c0/d301f430542520a54058d4aeeb453233c564aaccac835d29d15e050beb33f339ad67d9bddbce01739c5dc46a6716dbe3d9d0d5134b1ca203effa11a7ef092343
  languageName: node
  linkType: hard

"linkify-it@npm:^5.0.0":
  version: 5.0.0
  resolution: "linkify-it@npm:5.0.0"
  dependencies:
    uc.micro: "npm:^2.0.0"
  checksum: 10c0/ff4abbcdfa2003472fc3eb4b8e60905ec97718e11e33cca52059919a4c80cc0e0c2a14d23e23d8c00e5402bc5a885cdba8ca053a11483ab3cc8b3c7a52f88e2d
  languageName: node
  linkType: hard

"lunr@npm:^2.3.9":
  version: 2.3.9
  resolution: "lunr@npm:2.3.9"
  checksum: 10c0/77d7dbb4fbd602aac161e2b50887d8eda28c0fa3b799159cee380fbb311f1e614219126ecbbd2c3a9c685f1720a8109b3c1ca85cc893c39b6c9cc6a62a1d8a8b
  languageName: node
  linkType: hard

"markdown-it@npm:^14.1.0":
  version: 14.1.1
  resolution: "markdown-it@npm:14.1.1"
  dependencies:
    argparse: "npm:^2.0.1"
    entities: "npm:^4.4.0"
    linkify-it: "npm:^5.0.0"
    mdurl: "npm:^2.0.0"
    punycode.js: "npm:^2.3.1"
    uc.micro: "npm:^2.1.0"
  bin:
    markdown-it: bin/markdown-it.mjs
  checksum: 10c0/c67f2a4c8069a307c78d8c15104bbcb15a2c6b17f4c904364ca218ec2eccf76a397eba1ea05f5ac5de72c4b67fcf115d422d22df0bfb86a09b663f55b9478d4f
  languageName: node
  linkType: hard

"mdurl@npm:^2.0.0":
  version: 2.0.0
  resolution: "mdurl@npm:2.0.0"
  checksum: 10c0/633db522272f75ce4788440669137c77540d74a83e9015666a9557a152c02e245b192edc20bc90ae953bbab727503994a53b236b4d9c99bdaee594d0e7dd2ce0
  languageName: node
  linkType: hard

"minimatch@npm:^9.0.5":
  version: 9.0.5
  resolution: "minimatch@npm:9.0.5"
  dependencies:
    brace-expansion: "npm:^2.0.1"
  checksum: 10c0/de96cf5e35bdf0eab3e2c853522f98ffbe9a36c37797778d2665231ec1f20a9447a7e567cb640901f89e4daaa95ae5d70c65a9e8aa2bb0019b6facbc3c0575ed
  languageName: node
  linkType: hard

"punycode.js@npm:^2.3.1":
  version: 2.3.1
  resolution: "punycode.js@npm:2.3.1"
  checksum: 10c0/1d12c1c0e06127fa5db56bd7fdf698daf9a78104456a6b67326877afc21feaa821257b171539caedd2f0524027fa38e67b13dd094159c8d70b6d26d2bea4dfdb
  languageName: node
  linkType: hard

"typedoc@npm:^0.28.16":
  version: 0.28.16
  resolution: "typedoc@npm:0.28.16"
  dependencies:
    "@gerrit0/mini-shiki": "npm:^3.17.0"
    lunr: "npm:^2.3.9"
    markdown-it: "npm:^14.1.0"
    minimatch: "npm:^9.0.5"
    yaml: "npm:^2.8.1"
  peerDependencies:
    typescript: 5.0.x || 5.1.x || 5.2.x || 5.3.x || 5.4.x || 5.5.x || 5.6.x || 5.7.x || 5.8.x || 5.9.x
  bin:
    typedoc: bin/typedoc
  checksum: 10c0/ae444913068088e88be6319a017a3a18f69cbd91dbb5b959fbdd0cf87d1a2a07f3a0d4ab29c957a83dd72808ff35bdd6ceec3ad1803fa412ddceffb78fa60ebb
  languageName: node
  linkType: hard

"typescript@npm:^5.9.3":
  version: 5.9.3
  resolution: "typescript@npm:5.9.3"
  bin:
    tsc: bin/tsc
    tsserver: bin/tsserver
  checksum: 10c0/6bd7552ce39f97e711db5aa048f6f9995b53f1c52f7d8667c1abdc1700c68a76a308f579cd309ce6b53646deb4e9a1be7c813a93baaf0a28ccd536a30270e1c5
  languageName: node
  linkType: hard

"typescript@patch:typescript@npm%3A^5.9.3#optional!builtin<compat/typescript>":
  version: 5.9.3
  resolution: "typescript@patch:typescript@npm%3A5.9.3#optional!builtin<compat/typescript>::version=5.9.3&hash=5786d5"
  bin:
    tsc: bin/tsc
    tsserver: bin/tsserver
  checksum: 10c0/ad09fdf7a756814dce65bc60c1657b40d44451346858eea230e10f2e95a289d9183b6e32e5c11e95acc0ccc214b4f36289dcad4bf1886b0adb84d711d336a430
  languageName: node
  linkType: hard

"uc.micro@npm:^2.0.0, uc.micro@npm:^2.1.0":
  version: 2.1.0
  resolution: "uc.micro@npm:2.1.0"
  checksum: 10c0/8862eddb412dda76f15db8ad1c640ccc2f47cdf8252a4a30be908d535602c8d33f9855dfcccb8b8837855c1ce1eaa563f7fa7ebe3c98fd0794351aab9b9c55fa
  languageName: node
  linkType: hard

"undici-types@npm:~5.26.4":
  version: 5.26.5
  resolution: "undici-types@npm:5.26.5"
  checksum: 10c0/bb673d7876c2d411b6eb6c560e0c571eef4a01c1c19925175d16e3a30c4c428181fb8d7ae802a261f283e4166a0ac435e2f505743aa9e45d893f9a3df017b501
  languageName: node
  linkType: hard

"yaml@npm:^2.8.1":
  version: 2.8.2
  resolution: "yaml@npm:2.8.2"
  bin:
    yaml: bin.mjs
  checksum: 10c0/703e4dc1e34b324aa66876d63618dcacb9ed49f7e7fe9b70f1e703645be8d640f68ab84f12b86df8ac960bac37acf5513e115de7c970940617ce0343c8c9cd96
  languageName: node
  linkType: hard
